// !$*UTF8*$!
{
	archiveVersion = 1;
	classes = {
	};
	objectVersion = 50;
	objects = {

/* Begin PBXBuildFile section */
		103C5D6B244A179300780950 /* LightningDetailViewController.swift in Sources */ = {isa = PBXBuildFile; fileRef = 103C5D6A244A179300780950 /* LightningDetailViewController.swift */; };
		103C5D6D244A17AD00780950 /* LightningDetail.storyboard in Resources */ = {isa = PBXBuildFile; fileRef = 103C5D6C244A17AD00780950 /* LightningDetail.storyboard */; };
		103C5D6F244A55D500780950 /* HeaderTableViewCell.swift in Sources */ = {isa = PBXBuildFile; fileRef = 103C5D6E244A55D500780950 /* HeaderTableViewCell.swift */; };
		103C5D71244A5AB800780950 /* PressureTableViewCell.swift in Sources */ = {isa = PBXBuildFile; fileRef = 103C5D70244A5AB800780950 /* PressureTableViewCell.swift */; };
		109C3E8424465B0700E08E4A /* AppDelegate.swift in Sources */ = {isa = PBXBuildFile; fileRef = 109C3E8324465B0700E08E4A /* AppDelegate.swift */; };
		109C3E8624465B0700E08E4A /* SceneDelegate.swift in Sources */ = {isa = PBXBuildFile; fileRef = 109C3E8524465B0700E08E4A /* SceneDelegate.swift */; };
		109C3E8B24465B0700E08E4A /* Main.storyboard in Resources */ = {isa = PBXBuildFile; fileRef = 109C3E8924465B0700E08E4A /* Main.storyboard */; };
		109C3E8D24465B0900E08E4A /* Assets.xcassets in Resources */ = {isa = PBXBuildFile; fileRef = 109C3E8C24465B0900E08E4A /* Assets.xcassets */; };
		109C3E9024465B0900E08E4A /* LaunchScreen.storyboard in Resources */ = {isa = PBXBuildFile; fileRef = 109C3E8E24465B0900E08E4A /* LaunchScreen.storyboard */; };
		109C3E9B24465DC300E08E4A /* Data.swift in Sources */ = {isa = PBXBuildFile; fileRef = 109C3E9A24465DC300E08E4A /* Data.swift */; };
		109C3E9D24465FF000E08E4A /* MainViewController.swift in Sources */ = {isa = PBXBuildFile; fileRef = 109C3E9C24465FF000E08E4A /* MainViewController.swift */; };
		109C3E9F2447B9B900E08E4A /* StationDetail.storyboard in Resources */ = {isa = PBXBuildFile; fileRef = 109C3E9E2447B9B900E08E4A /* StationDetail.storyboard */; };
		109C3EA12447BB2900E08E4A /* StationDetailViewController.swift in Sources */ = {isa = PBXBuildFile; fileRef = 109C3EA02447BB2900E08E4A /* StationDetailViewController.swift */; };
		109CC1582448F41900B0F6A9 /* Settings.storyboard in Resources */ = {isa = PBXBuildFile; fileRef = 109CC1572448F41900B0F6A9 /* Settings.storyboard */; };
		109CC15A2448FAF100B0F6A9 /* SettingsViewController.swift in Sources */ = {isa = PBXBuildFile; fileRef = 109CC1592448FAF100B0F6A9 /* SettingsViewController.swift */; };
		109CC1602449527500B0F6A9 /* LightningTableViewCell.swift in Sources */ = {isa = PBXBuildFile; fileRef = 109CC15F2449527500B0F6A9 /* LightningTableViewCell.swift */; };
		109CC1622449528900B0F6A9 /* AirTableViewCell.swift in Sources */ = {isa = PBXBuildFile; fileRef = 109CC1612449528900B0F6A9 /* AirTableViewCell.swift */; };
		7E13D49E6650BFA9F681D61E /* libPods-TempestPrototype.a in Frameworks */ = {isa = PBXBuildFile; fileRef = 33725A20E675B242B7C3E209 /* libPods-TempestPrototype.a */; };
/* End PBXBuildFile section */

/* Begin PBXFileReference section */
		103C5D6A244A179300780950 /* LightningDetailViewController.swift */ = {isa = PBXFileReference; lastKnownFileType = sourcecode.swift; path = LightningDetailViewController.swift; sourceTree = "<group>"; };
		103C5D6C244A17AD00780950 /* LightningDetail.storyboard */ = {isa = PBXFileReference; lastKnownFileType = file.storyboard; path = LightningDetail.storyboard; sourceTree = "<group>"; };
		103C5D6E244A55D500780950 /* HeaderTableViewCell.swift */ = {isa = PBXFileReference; lastKnownFileType = sourcecode.swift; path = HeaderTableViewCell.swift; sourceTree = "<group>"; };
		103C5D70244A5AB800780950 /* PressureTableViewCell.swift */ = {isa = PBXFileReference; lastKnownFileType = sourcecode.swift; path = PressureTableViewCell.swift; sourceTree = "<group>"; };
		109C3E8024465B0700E08E4A /* TempestPrototype.app */ = {isa = PBXFileReference; explicitFileType = wrapper.application; includeInIndex = 0; path = TempestPrototype.app; sourceTree = BUILT_PRODUCTS_DIR; };
		109C3E8324465B0700E08E4A /* AppDelegate.swift */ = {isa = PBXFileReference; lastKnownFileType = sourcecode.swift; path = AppDelegate.swift; sourceTree = "<group>"; };
		109C3E8524465B0700E08E4A /* SceneDelegate.swift */ = {isa = PBXFileReference; lastKnownFileType = sourcecode.swift; path = SceneDelegate.swift; sourceTree = "<group>"; };
		109C3E8A24465B0700E08E4A /* Base */ = {isa = PBXFileReference; lastKnownFileType = file.storyboard; name = Base; path = Base.lproj/Main.storyboard; sourceTree = "<group>"; };
		109C3E8C24465B0900E08E4A /* Assets.xcassets */ = {isa = PBXFileReference; lastKnownFileType = folder.assetcatalog; path = Assets.xcassets; sourceTree = "<group>"; };
		109C3E8F24465B0900E08E4A /* Base */ = {isa = PBXFileReference; lastKnownFileType = file.storyboard; name = Base; path = Base.lproj/LaunchScreen.storyboard; sourceTree = "<group>"; };
		109C3E9124465B0900E08E4A /* Info.plist */ = {isa = PBXFileReference; lastKnownFileType = text.plist.xml; path = Info.plist; sourceTree = "<group>"; };
		109C3E9A24465DC300E08E4A /* Data.swift */ = {isa = PBXFileReference; lastKnownFileType = sourcecode.swift; path = Data.swift; sourceTree = "<group>"; };
		109C3E9C24465FF000E08E4A /* MainViewController.swift */ = {isa = PBXFileReference; lastKnownFileType = sourcecode.swift; path = MainViewController.swift; sourceTree = "<group>"; };
		109C3E9E2447B9B900E08E4A /* StationDetail.storyboard */ = {isa = PBXFileReference; lastKnownFileType = file.storyboard; path = StationDetail.storyboard; sourceTree = "<group>"; };
		109C3EA02447BB2900E08E4A /* StationDetailViewController.swift */ = {isa = PBXFileReference; lastKnownFileType = sourcecode.swift; path = StationDetailViewController.swift; sourceTree = "<group>"; };
		109CC1572448F41900B0F6A9 /* Settings.storyboard */ = {isa = PBXFileReference; lastKnownFileType = file.storyboard; path = Settings.storyboard; sourceTree = "<group>"; };
		109CC1592448FAF100B0F6A9 /* SettingsViewController.swift */ = {isa = PBXFileReference; lastKnownFileType = sourcecode.swift; path = SettingsViewController.swift; sourceTree = "<group>"; };
		109CC15F2449527500B0F6A9 /* LightningTableViewCell.swift */ = {isa = PBXFileReference; lastKnownFileType = sourcecode.swift; path = LightningTableViewCell.swift; sourceTree = "<group>"; };
		109CC1612449528900B0F6A9 /* AirTableViewCell.swift */ = {isa = PBXFileReference; lastKnownFileType = sourcecode.swift; path = AirTableViewCell.swift; sourceTree = "<group>"; };
		33725A20E675B242B7C3E209 /* libPods-TempestPrototype.a */ = {isa = PBXFileReference; explicitFileType = archive.ar; includeInIndex = 0; path = "libPods-TempestPrototype.a"; sourceTree = BUILT_PRODUCTS_DIR; };
		55F23B14F44C3973598EFE0A /* Pods-TempestPrototype.debug.xcconfig */ = {isa = PBXFileReference; includeInIndex = 1; lastKnownFileType = text.xcconfig; name = "Pods-TempestPrototype.debug.xcconfig"; path = "Target Support Files/Pods-TempestPrototype/Pods-TempestPrototype.debug.xcconfig"; sourceTree = "<group>"; };
		9EE7D6C737CB36C774778B7F /* Pods-TempestPrototype.release.xcconfig */ = {isa = PBXFileReference; includeInIndex = 1; lastKnownFileType = text.xcconfig; name = "Pods-TempestPrototype.release.xcconfig"; path = "Target Support Files/Pods-TempestPrototype/Pods-TempestPrototype.release.xcconfig"; sourceTree = "<group>"; };
/* End PBXFileReference section */

/* Begin PBXFrameworksBuildPhase section */
		109C3E7D24465B0700E08E4A /* Frameworks */ = {
			isa = PBXFrameworksBuildPhase;
			buildActionMask = 2147483647;
			files = (
				7E13D49E6650BFA9F681D61E /* libPods-TempestPrototype.a in Frameworks */,
			);
			runOnlyForDeploymentPostprocessing = 0;
		};
/* End PBXFrameworksBuildPhase section */

/* Begin PBXGroup section */
		109C3E7724465B0700E08E4A = {
			isa = PBXGroup;
			children = (
				109C3E8224465B0700E08E4A /* TempestPrototype */,
				109C3E8124465B0700E08E4A /* Products */,
				7E62739971A8E4511F34742F /* Pods */,
				26147B11232714515F118ACF /* Frameworks */,
			);
			sourceTree = "<group>";
		};
		109C3E8124465B0700E08E4A /* Products */ = {
			isa = PBXGroup;
			children = (
				109C3E8024465B0700E08E4A /* TempestPrototype.app */,
			);
			name = Products;
			sourceTree = "<group>";
		};
		109C3E8224465B0700E08E4A /* TempestPrototype */ = {
			isa = PBXGroup;
			children = (
				109C3E8324465B0700E08E4A /* AppDelegate.swift */,
				109C3E8524465B0700E08E4A /* SceneDelegate.swift */,
				109C3E9924465B7700E08E4A /* Models */,
				109C3E9824465B3200E08E4A /* Storyboards */,
				109C3E9724465B1900E08E4A /* View Controllers */,
				109C3E8C24465B0900E08E4A /* Assets.xcassets */,
				109C3E9124465B0900E08E4A /* Info.plist */,
			);
			path = TempestPrototype;
			sourceTree = "<group>";
		};
		109C3E9724465B1900E08E4A /* View Controllers */ = {
			isa = PBXGroup;
			children = (
				109CC15E2449525100B0F6A9 /* TableView Cells */,
				109C3E9C24465FF000E08E4A /* MainViewController.swift */,
				109C3EA02447BB2900E08E4A /* StationDetailViewController.swift */,
				109CC1592448FAF100B0F6A9 /* SettingsViewController.swift */,
				103C5D6A244A179300780950 /* LightningDetailViewController.swift */,
			);
			path = "View Controllers";
			sourceTree = "<group>";
		};
		109C3E9824465B3200E08E4A /* Storyboards */ = {
			isa = PBXGroup;
			children = (
				109C3E8924465B0700E08E4A /* Main.storyboard */,
				109C3E8E24465B0900E08E4A /* LaunchScreen.storyboard */,
				109C3E9E2447B9B900E08E4A /* StationDetail.storyboard */,
				109CC1572448F41900B0F6A9 /* Settings.storyboard */,
				103C5D6C244A17AD00780950 /* LightningDetail.storyboard */,
			);
			path = Storyboards;
			sourceTree = "<group>";
		};
		109C3E9924465B7700E08E4A /* Models */ = {
			isa = PBXGroup;
			children = (
				109C3E9A24465DC300E08E4A /* Data.swift */,
			);
			path = Models;
			sourceTree = "<group>";
		};
		109CC15E2449525100B0F6A9 /* TableView Cells */ = {
			isa = PBXGroup;
			children = (
				109CC15F2449527500B0F6A9 /* LightningTableViewCell.swift */,
				109CC1612449528900B0F6A9 /* AirTableViewCell.swift */,
				103C5D6E244A55D500780950 /* HeaderTableViewCell.swift */,
				103C5D70244A5AB800780950 /* PressureTableViewCell.swift */,
			);
			path = "TableView Cells";
			sourceTree = "<group>";
		};
		26147B11232714515F118ACF /* Frameworks */ = {
			isa = PBXGroup;
			children = (
				33725A20E675B242B7C3E209 /* libPods-TempestPrototype.a */,
			);
			name = Frameworks;
			sourceTree = "<group>";
		};
		7E62739971A8E4511F34742F /* Pods */ = {
			isa = PBXGroup;
			children = (
				55F23B14F44C3973598EFE0A /* Pods-TempestPrototype.debug.xcconfig */,
				9EE7D6C737CB36C774778B7F /* Pods-TempestPrototype.release.xcconfig */,
			);
			path = Pods;
			sourceTree = "<group>";
		};
/* End PBXGroup section */

/* Begin PBXNativeTarget section */
		109C3E7F24465B0700E08E4A /* TempestPrototype */ = {
			isa = PBXNativeTarget;
			buildConfigurationList = 109C3E9424465B0900E08E4A /* Build configuration list for PBXNativeTarget "TempestPrototype" */;
			buildPhases = (
				5D700DB552D66199AEB2BCC1 /* [CP] Check Pods Manifest.lock */,
				109C3E7C24465B0700E08E4A /* Sources */,
				109C3E7D24465B0700E08E4A /* Frameworks */,
				109C3E7E24465B0700E08E4A /* Resources */,
			);
			buildRules = (
			);
			dependencies = (
			);
			name = TempestPrototype;
			productName = TempestPrototype;
			productReference = 109C3E8024465B0700E08E4A /* TempestPrototype.app */;
			productType = "com.apple.product-type.application";
		};
/* End PBXNativeTarget section */

/* Begin PBXProject section */
		109C3E7824465B0700E08E4A /* Project object */ = {
			isa = PBXProject;
			attributes = {
				LastSwiftUpdateCheck = 1140;
				LastUpgradeCheck = 1140;
				ORGANIZATIONNAME = "Adam Roney";
				TargetAttributes = {
					109C3E7F24465B0700E08E4A = {
						CreatedOnToolsVersion = 11.4;
					};
				};
			};
			buildConfigurationList = 109C3E7B24465B0700E08E4A /* Build configuration list for PBXProject "TempestPrototype" */;
			compatibilityVersion = "Xcode 9.3";
			developmentRegion = en;
			hasScannedForEncodings = 0;
			knownRegions = (
				en,
				Base,
			);
			mainGroup = 109C3E7724465B0700E08E4A;
			productRefGroup = 109C3E8124465B0700E08E4A /* Products */;
			projectDirPath = "";
			projectRoot = "";
			targets = (
				109C3E7F24465B0700E08E4A /* TempestPrototype */,
			);
		};
/* End PBXProject section */

/* Begin PBXResourcesBuildPhase section */
		109C3E7E24465B0700E08E4A /* Resources */ = {
			isa = PBXResourcesBuildPhase;
			buildActionMask = 2147483647;
			files = (
				109C3E9F2447B9B900E08E4A /* StationDetail.storyboard in Resources */,
				109C3E9024465B0900E08E4A /* LaunchScreen.storyboard in Resources */,
				103C5D6D244A17AD00780950 /* LightningDetail.storyboard in Resources */,
				109C3E8D24465B0900E08E4A /* Assets.xcassets in Resources */,
				109C3E8B24465B0700E08E4A /* Main.storyboard in Resources */,
				109CC1582448F41900B0F6A9 /* Settings.storyboard in Resources */,
			);
			runOnlyForDeploymentPostprocessing = 0;
		};
/* End PBXResourcesBuildPhase section */

/* Begin PBXShellScriptBuildPhase section */
		5D700DB552D66199AEB2BCC1 /* [CP] Check Pods Manifest.lock */ = {
			isa = PBXShellScriptBuildPhase;
			buildActionMask = 2147483647;
			files = (
			);
			inputFileListPaths = (
			);
			inputPaths = (
				"${PODS_PODFILE_DIR_PATH}/Podfile.lock",
				"${PODS_ROOT}/Manifest.lock",
			);
			name = "[CP] Check Pods Manifest.lock";
			outputFileListPaths = (
			);
			outputPaths = (
				"$(DERIVED_FILE_DIR)/Pods-TempestPrototype-checkManifestLockResult.txt",
			);
			runOnlyForDeploymentPostprocessing = 0;
			shellPath = /bin/sh;
			shellScript = "diff \"${PODS_PODFILE_DIR_PATH}/Podfile.lock\" \"${PODS_ROOT}/Manifest.lock\" > /dev/null\nif [ $? != 0 ] ; then\n    # print error to STDERR\n    echo \"error: The sandbox is not in sync with the Podfile.lock. Run 'pod install' or update your CocoaPods installation.\" >&2\n    exit 1\nfi\n# This output is used by Xcode 'outputs' to avoid re-running this script phase.\necho \"SUCCESS\" > \"${SCRIPT_OUTPUT_FILE_0}\"\n";
			showEnvVarsInLog = 0;
		};
/* End PBXShellScriptBuildPhase section */

/* Begin PBXSourcesBuildPhase section */
		109C3E7C24465B0700E08E4A /* Sources */ = {
			isa = PBXSourcesBuildPhase;
			buildActionMask = 2147483647;
			files = (
				109CC1622449528900B0F6A9 /* AirTableViewCell.swift in Sources */,
				103C5D6B244A179300780950 /* LightningDetailViewController.swift in Sources */,
				109C3E8424465B0700E08E4A /* AppDelegate.swift in Sources */,
				109C3E9B24465DC300E08E4A /* Data.swift in Sources */,
				109C3E8624465B0700E08E4A /* SceneDelegate.swift in Sources */,
				109C3E9D24465FF000E08E4A /* MainViewController.swift in Sources */,
				103C5D6F244A55D500780950 /* HeaderTableViewCell.swift in Sources */,
				109CC1602449527500B0F6A9 /* LightningTableViewCell.swift in Sources */,
				103C5D71244A5AB800780950 /* PressureTableViewCell.swift in Sources */,
				109C3EA12447BB2900E08E4A /* StationDetailViewController.swift in Sources */,
				109CC15A2448FAF100B0F6A9 /* SettingsViewController.swift in Sources */,
			);
			runOnlyForDeploymentPostprocessing = 0;
		};
/* End PBXSourcesBuildPhase section */

/* Begin PBXVariantGroup section */
		109C3E8924465B0700E08E4A /* Main.storyboard */ = {
			isa = PBXVariantGroup;
			children = (
				109C3E8A24465B0700E08E4A /* Base */,
			);
			name = Main.storyboard;
			sourceTree = "<group>";
		};
		109C3E8E24465B0900E08E4A /* LaunchScreen.storyboard */ = {
			isa = PBXVariantGroup;
			children = (
				109C3E8F24465B0900E08E4A /* Base */,
			);
			name = LaunchScreen.storyboard;
			sourceTree = "<group>";
		};
/* End PBXVariantGroup section */

/* Begin XCBuildConfiguration section */
		109C3E9224465B0900E08E4A /* Debug */ = {
			isa = XCBuildConfiguration;
			buildSettings = {
				ALWAYS_SEARCH_USER_PATHS = NO;
				CLANG_ANALYZER_NONNULL = YES;
				CLANG_ANALYZER_NUMBER_OBJECT_CONVERSION = YES_AGGRESSIVE;
				CLANG_CXX_LANGUAGE_STANDARD = "gnu++14";
				CLANG_CXX_LIBRARY = "libc++";
				CLANG_ENABLE_MODULES = YES;
				CLANG_ENABLE_OBJC_ARC = YES;
				CLANG_ENABLE_OBJC_WEAK = YES;
				CLANG_WARN_BLOCK_CAPTURE_AUTORELEASING = YES;
				CLANG_WARN_BOOL_CONVERSION = YES;
				CLANG_WARN_COMMA = YES;
				CLANG_WARN_CONSTANT_CONVERSION = YES;
				CLANG_WARN_DEPRECATED_OBJC_IMPLEMENTATIONS = YES;
				CLANG_WARN_DIRECT_OBJC_ISA_USAGE = YES_ERROR;
				CLANG_WARN_DOCUMENTATION_COMMENTS = YES;
				CLANG_WARN_EMPTY_BODY = YES;
				CLANG_WARN_ENUM_CONVERSION = YES;
				CLANG_WARN_INFINITE_RECURSION = YES;
				CLANG_WARN_INT_CONVERSION = YES;
				CLANG_WARN_NON_LITERAL_NULL_CONVERSION = YES;
				CLANG_WARN_OBJC_IMPLICIT_RETAIN_SELF = YES;
				CLANG_WARN_OBJC_LITERAL_CONVERSION = YES;
				CLANG_WARN_OBJC_ROOT_CLASS = YES_ERROR;
				CLANG_WARN_RANGE_LOOP_ANALYSIS = YES;
				CLANG_WARN_STRICT_PROTOTYPES = YES;
				CLANG_WARN_SUSPICIOUS_MOVE = YES;
				CLANG_WARN_UNGUARDED_AVAILABILITY = YES_AGGRESSIVE;
				CLANG_WARN_UNREACHABLE_CODE = YES;
				CLANG_WARN__DUPLICATE_METHOD_MATCH = YES;
				COPY_PHASE_STRIP = NO;
				DEBUG_INFORMATION_FORMAT = dwarf;
				ENABLE_STRICT_OBJC_MSGSEND = YES;
				ENABLE_TESTABILITY = YES;
				GCC_C_LANGUAGE_STANDARD = gnu11;
				GCC_DYNAMIC_NO_PIC = NO;
				GCC_NO_COMMON_BLOCKS = YES;
				GCC_OPTIMIZATION_LEVEL = 0;
				GCC_PREPROCESSOR_DEFINITIONS = (
					"DEBUG=1",
					"$(inherited)",
				);
				GCC_WARN_64_TO_32_BIT_CONVERSION = YES;
				GCC_WARN_ABOUT_RETURN_TYPE = YES_ERROR;
				GCC_WARN_UNDECLARED_SELECTOR = YES;
				GCC_WARN_UNINITIALIZED_AUTOS = YES_AGGRESSIVE;
				GCC_WARN_UNUSED_FUNCTION = YES;
				GCC_WARN_UNUSED_VARIABLE = YES;
				IPHONEOS_DEPLOYMENT_TARGET = 13.4;
				MTL_ENABLE_DEBUG_INFO = INCLUDE_SOURCE;
				MTL_FAST_MATH = YES;
				ONLY_ACTIVE_ARCH = YES;
				SDKROOT = iphoneos;
				SWIFT_ACTIVE_COMPILATION_CONDITIONS = DEBUG;
				SWIFT_OPTIMIZATION_LEVEL = "-Onone";
			};
			name = Debug;
		};
		109C3E9324465B0900E08E4A /* Release */ = {
			isa = XCBuildConfiguration;
			buildSettings = {
				ALWAYS_SEARCH_USER_PATHS = NO;
				CLANG_ANALYZER_NONNULL = YES;
				CLANG_ANALYZER_NUMBER_OBJECT_CONVERSION = YES_AGGRESSIVE;
				CLANG_CXX_LANGUAGE_STANDARD = "gnu++14";
				CLANG_CXX_LIBRARY = "libc++";
				CLANG_ENABLE_MODULES = YES;
				CLANG_ENABLE_OBJC_ARC = YES;
				CLANG_ENABLE_OBJC_WEAK = YES;
				CLANG_WARN_BLOCK_CAPTURE_AUTORELEASING = YES;
				CLANG_WARN_BOOL_CONVERSION = YES;
				CLANG_WARN_COMMA = YES;
				CLANG_WARN_CONSTANT_CONVERSION = YES;
				CLANG_WARN_DEPRECATED_OBJC_IMPLEMENTATIONS = YES;
				CLANG_WARN_DIRECT_OBJC_ISA_USAGE = YES_ERROR;
				CLANG_WARN_DOCUMENTATION_COMMENTS = YES;
				CLANG_WARN_EMPTY_BODY = YES;
				CLANG_WARN_ENUM_CONVERSION = YES;
				CLANG_WARN_INFINITE_RECURSION = YES;
				CLANG_WARN_INT_CONVERSION = YES;
				CLANG_WARN_NON_LITERAL_NULL_CONVERSION = YES;
				CLANG_WARN_OBJC_IMPLICIT_RETAIN_SELF = YES;
				CLANG_WARN_OBJC_LITERAL_CONVERSION = YES;
				CLANG_WARN_OBJC_ROOT_CLASS = YES_ERROR;
				CLANG_WARN_RANGE_LOOP_ANALYSIS = YES;
				CLANG_WARN_STRICT_PROTOTYPES = YES;
				CLANG_WARN_SUSPICIOUS_MOVE = YES;
				CLANG_WARN_UNGUARDED_AVAILABILITY = YES_AGGRESSIVE;
				CLANG_WARN_UNREACHABLE_CODE = YES;
				CLANG_WARN__DUPLICATE_METHOD_MATCH = YES;
				COPY_PHASE_STRIP = NO;
				DEBUG_INFORMATION_FORMAT = "dwarf-with-dsym";
				ENABLE_NS_ASSERTIONS = NO;
				ENABLE_STRICT_OBJC_MSGSEND = YES;
				GCC_C_LANGUAGE_STANDARD = gnu11;
				GCC_NO_COMMON_BLOCKS = YES;
				GCC_WARN_64_TO_32_BIT_CONVERSION = YES;
				GCC_WARN_ABOUT_RETURN_TYPE = YES_ERROR;
				GCC_WARN_UNDECLARED_SELECTOR = YES;
				GCC_WARN_UNINITIALIZED_AUTOS = YES_AGGRESSIVE;
				GCC_WARN_UNUSED_FUNCTION = YES;
				GCC_WARN_UNUSED_VARIABLE = YES;
				IPHONEOS_DEPLOYMENT_TARGET = 13.4;
				MTL_ENABLE_DEBUG_INFO = NO;
				MTL_FAST_MATH = YES;
				SDKROOT = iphoneos;
				SWIFT_COMPILATION_MODE = wholemodule;
				SWIFT_OPTIMIZATION_LEVEL = "-O";
				VALIDATE_PRODUCT = YES;
			};
			name = Release;
		};
		109C3E9524465B0900E08E4A /* Debug */ = {
			isa = XCBuildConfiguration;
			baseConfigurationReference = 55F23B14F44C3973598EFE0A /* Pods-TempestPrototype.debug.xcconfig */;
			buildSettings = {
				ASSETCATALOG_COMPILER_APPICON_NAME = AppIcon;
				CODE_SIGN_STYLE = Automatic;
				DEVELOPMENT_TEAM = 9RFXDU636V;
				INFOPLIST_FILE = TempestPrototype/Info.plist;
				IPHONEOS_DEPLOYMENT_TARGET = 13.3;
				LD_RUNPATH_SEARCH_PATHS = (
					"$(inherited)",
					"@executable_path/Frameworks",
				);
				PRODUCT_BUNDLE_IDENTIFIER = adamroney.TempestPrototype;
				PRODUCT_NAME = "$(TARGET_NAME)";
				SWIFT_VERSION = 5.0;
				TARGETED_DEVICE_FAMILY = 1;
			};
			name = Debug;
		};
		109C3E9624465B0900E08E4A /* Release */ = {
			isa = XCBuildConfiguration;
			baseConfigurationReference = 9EE7D6C737CB36C774778B7F /* Pods-TempestPrototype.release.xcconfig */;
			buildSettings = {
				ASSETCATALOG_COMPILER_APPICON_NAME = AppIcon;
				CODE_SIGN_STYLE = Automatic;
				DEVELOPMENT_TEAM = 9RFXDU636V;
				INFOPLIST_FILE = TempestPrototype/Info.plist;
				IPHONEOS_DEPLOYMENT_TARGET = 13.3;
				LD_RUNPATH_SEARCH_PATHS = (
					"$(inherited)",
					"@executable_path/Frameworks",
				);
				PRODUCT_BUNDLE_IDENTIFIER = adamroney.TempestPrototype;
				PRODUCT_NAME = "$(TARGET_NAME)";
				SWIFT_VERSION = 5.0;
				TARGETED_DEVICE_FAMILY = 1;
			};
			name = Release;
		};
/* End XCBuildConfiguration section */

/* Begin XCConfigurationList section */
		109C3E7B24465B0700E08E4A /* Build configuration list for PBXProject "TempestPrototype" */ = {
			isa = XCConfigurationList;
			buildConfigurations = (
				109C3E9224465B0900E08E4A /* Debug */,
				109C3E9324465B0900E08E4A /* Release */,
			);
			defaultConfigurationIsVisible = 0;
			defaultConfigurationName = Release;
		};
		109C3E9424465B0900E08E4A /* Build configuration list for PBXNativeTarget "TempestPrototype" */ = {
			isa = XCConfigurationList;
			buildConfigurations = (
				109C3E9524465B0900E08E4A /* Debug */,
				109C3E9624465B0900E08E4A /* Release */,
			);
			defaultConfigurationIsVisible = 0;
			defaultConfigurationName = Release;
		};
/* End XCConfigurationList section */
	};
	rootObject = 109C3E7824465B0700E08E4A /* Project object */;
}
